{
    __meta__ = {
        version = "1.0"
    },
    ["windows|x64"] = {
        ["cmake#31fecfc4"] = {
            repo = {
                branch = "master",
                commit = "126412b89fb57322fcd77cbf65495b07a0bb8516",
                url = "https://gitlab.com/tboox/xmake-repo.git"
            },
            version = "3.31.6-msvc6"
        },
        ["ninja#31fecfc4"] = {
            repo = {
                branch = "master",
                commit = "126412b89fb57322fcd77cbf65495b07a0bb8516",
                url = "https://gitlab.com/tboox/xmake-repo.git"
            },
            version = "1.12.1"
        },
        ["spdlog#9c36f0a9"] = {
            repo = {
                branch = "master",
                commit = "126412b89fb57322fcd77cbf65495b07a0bb8516",
                url = "https://gitlab.com/tboox/xmake-repo.git"
            },
            version = "v1.15.3"
        }
    }
}